
Microsoft Visual Studio Solution File, Format Version 12.00
# Visual Studio Version 17
VisualStudioVersion = 17.3.32825.248
MinimumVisualStudioVersion = 10.0.40219.1
Project("{FAE04EC0-301F-11D3-BF4B-00C04F79EFBC}") = "practice course", "practice course.csproj", "{3B0411FA-C2BC-4217-9412-6CCD47B09422}"
EndProject
Global
	GlobalSection(SolutionConfigurationPlatforms) = preSolution
		Debug|Any CPU = Debug|Any CPU
		Release|Any CPU = Release|Any CPU
	EndGlobalSection
	GlobalSection(ProjectConfigurationPlatforms) = postSolution
		{3B0411FA-C2BC-4217-9412-6CCD47B09422}.Debug|Any CPU.ActiveCfg = Debug|Any CPU
		{3B0411FA-C2BC-4217-9412-6CCD47B09422}.Debug|Any CPU.Build.0 = Debug|Any CPU
		{3B0411FA-C2BC-4217-9412-6CCD47B09422}.Release|Any CPU.ActiveCfg = Release|Any CPU
		{3B0411FA-C2BC-4217-9412-6CCD47B09422}.Release|Any CPU.Build.0 = Release|Any CPU
	EndGlobalSection
	GlobalSection(SolutionProperties) = preSolution
		HideSolutionNode = FALSE
	EndGlobalSection
	GlobalSection(ExtensibilityGlobals) = postSolution
		SolutionGuid = {CD3ECA61-12B7-41B4-ABC5-71FC16A66409}
	EndGlobalSection
EndGlobal
